
Microsoft Visual Studio Solution File, Format Version 12.00
# Visual Studio Version 16
VisualStudioVersion = 16.0.31205.134
MinimumVisualStudioVersion = 10.0.40219.1
Project("{FAE04EC0-301F-11D3-BF4B-00C04F79EFBC}") = "DocFiller", "DocFiller\DocFiller.csproj", "{0FF0D8D8-555C-40C9-A545-3663D47DB38F}"
EndProject
Global
	GlobalSection(SolutionConfigurationPlatforms) = preSolution
		Debug|Any CPU = Debug|Any CPU
		Release|Any CPU = Release|Any CPU
	EndGlobalSection
	GlobalSection(ProjectConfigurationPlatforms) = postSolution
		{0FF0D8D8-555C-40C9-A545-3663D47DB38F}.Debug|Any CPU.ActiveCfg = Debug|Any CPU
		{0FF0D8D8-555C-40C9-A545-3663D47DB38F}.Debug|Any CPU.Build.0 = Debug|Any CPU
		{0FF0D8D8-555C-40C9-A545-3663D47DB38F}.Release|Any CPU.ActiveCfg = Release|Any CPU
		{0FF0D8D8-555C-40C9-A545-3663D47DB38F}.Release|Any CPU.Build.0 = Release|Any CPU
	EndGlobalSection
	GlobalSection(SolutionProperties) = preSolution
		HideSolutionNode = FALSE
	EndGlobalSection
	GlobalSection(ExtensibilityGlobals) = postSolution
		SolutionGuid = {192E3FEC-8311-4581-AB83-C580110305F0}
	EndGlobalSection
EndGlobal
